// !$*UTF8*$!
{
	archiveVersion = 1;
	classes = {
	};
	objectVersion = 77;
	objects = {

/* Begin PBXBuildFile section */
		8F63B4712CBB8A3000363C2E /* mrt_prices.json in Resources */ = {isa = PBXBuildFile; fileRef = 8F63B4702CBB8A3000363C2E /* mrt_prices.json */; };
/* End PBXBuildFile section */

/* Begin PBXContainerItemProxy section */
		8F155B8D2CBA3B1F00748A05 /* PBXContainerItemProxy */ = {
			isa = PBXContainerItemProxy;
			containerPortal = 8F155B742CBA3B1D00748A05 /* Project object */;
			proxyType = 1;
			remoteGlobalIDString = 8F155B7B2CBA3B1E00748A05;
			remoteInfo = "MRT Fares";
		};
		8F155B972CBA3B1F00748A05 /* PBXContainerItemProxy */ = {
			isa = PBXContainerItemProxy;
			containerPortal = 8F155B742CBA3B1D00748A05 /* Project object */;
			proxyType = 1;
			remoteGlobalIDString = 8F155B7B2CBA3B1E00748A05;
			remoteInfo = "MRT Fares";
		};
/* End PBXContainerItemProxy section */

/* Begin PBXFileReference section */
		8F155B7C2CBA3B1E00748A05 /* MRT Fares.app */ = {isa = PBXFileReference; explicitFileType = wrapper.application; includeInIndex = 0; path = "MRT Fares.app"; sourceTree = BUILT_PRODUCTS_DIR; };
		8F155B8C2CBA3B1F00748A05 /* MRT FaresTests.xctest */ = {isa = PBXFileReference; explicitFileType = wrapper.cfbundle; includeInIndex = 0; path = "MRT FaresTests.xctest"; sourceTree = BUILT_PRODUCTS_DIR; };
		8F155B962CBA3B1F00748A05 /* MRT FaresUITests.xctest */ = {isa = PBXFileReference; explicitFileType = wrapper.cfbundle; includeInIndex = 0; path = "MRT FaresUITests.xctest"; sourceTree = BUILT_PRODUCTS_DIR; };
		8F63B4702CBB8A3000363C2E /* mrt_prices.json */ = {isa = PBXFileReference; lastKnownFileType = text.json; path = mrt_prices.json; sourceTree = "<group>"; };
/* End PBXFileReference section */

/* Begin PBXFileSystemSynchronizedRootGroup section */
		8F155B7E2CBA3B1E00748A05 /* MRT Fares */ = {
			isa = PBXFileSystemSynchronizedRootGroup;
			path = "MRT Fares";
			sourceTree = "<group>";
		};
		8F155B8F2CBA3B1F00748A05 /* MRT FaresTests */ = {
			isa = PBXFileSystemSynchronizedRootGroup;
			path = "MRT FaresTests";
			sourceTree = "<group>";
		};
		8F155B992CBA3B1F00748A05 /* MRT FaresUITests */ = {
			isa = PBXFileSystemSynchronizedRootGroup;
			path = "MRT FaresUITests";
			sourceTree = "<group>";
		};
/* End PBXFileSystemSynchronizedRootGroup section */

/* Begin PBXFrameworksBuildPhase section */
		8F155B792CBA3B1E00748A05 /* Frameworks */ = {
			isa = PBXFrameworksBuildPhase;
			buildActionMask = 2147483647;
			files = (
			);
			runOnlyForDeploymentPostprocessing = 0;
		};
		8F155B892CBA3B1F00748A05 /* Frameworks */ = {
			isa = PBXFrameworksBuildPhase;
			buildActionMask = 2147483647;
			files = (
			);
			runOnlyForDeploymentPostprocessing = 0;
		};
		8F155B932CBA3B1F00748A05 /* Frameworks */ = {
			isa = PBXFrameworksBuildPhase;
			buildActionMask = 2147483647;
			files = (
			);
			runOnlyForDeploymentPostprocessing = 0;
		};
/* End PBXFrameworksBuildPhase section */

/* Begin PBXGroup section */
		8F155B732CBA3B1D00748A05 = {
			isa = PBXGroup;
			children = (
				8F63B4702CBB8A3000363C2E /* mrt_prices.json */,
				8F155B7E2CBA3B1E00748A05 /* MRT Fares */,
				8F155B8F2CBA3B1F00748A05 /* MRT FaresTests */,
				8F155B992CBA3B1F00748A05 /* MRT FaresUITests */,
				8F155B7D2CBA3B1E00748A05 /* Products */,
			);
			sourceTree = "<group>";
		};
		8F155B7D2CBA3B1E00748A05 /* Products */ = {
			isa = PBXGroup;
			children = (
				8F155B7C2CBA3B1E00748A05 /* MRT Fares.app */,
				8F155B8C2CBA3B1F00748A05 /* MRT FaresTests.xctest */,
				8F155B962CBA3B1F00748A05 /* MRT FaresUITests.xctest */,
			);
			name = Products;
			sourceTree = "<group>";
		};
/* End PBXGroup section */

/* Begin PBXNativeTarget section */
		8F155B7B2CBA3B1E00748A05 /* MRT Fares */ = {
			isa = PBXNativeTarget;
			buildConfigurationList = 8F155BA02CBA3B1F00748A05 /* Build configuration list for PBXNativeTarget "MRT Fares" */;
			buildPhases = (
				8F155B782CBA3B1E00748A05 /* Sources */,
				8F155B792CBA3B1E00748A05 /* Frameworks */,
				8F155B7A2CBA3B1E00748A05 /* Resources */,
			);
			buildRules = (
			);
			dependencies = (
			);
			fileSystemSynchronizedGroups = (
				8F155B7E2CBA3B1E00748A05 /* MRT Fares */,
			);
			name = "MRT Fares";
			packageProductDependencies = (
			);
			productName = "MRT Fares";
			productReference = 8F155B7C2CBA3B1E00748A05 /* MRT Fares.app */;
			productType = "com.apple.product-type.application";
		};
		8F155B8B2CBA3B1F00748A05 /* MRT FaresTests */ = {
			isa = PBXNativeTarget;
			buildConfigurationList = 8F155BA32CBA3B1F00748A05 /* Build configuration list for PBXNativeTarget "MRT FaresTests" */;
			buildPhases = (
				8F155B882CBA3B1F00748A05 /* Sources */,
				8F155B892CBA3B1F00748A05 /* Frameworks */,
				8F155B8A2CBA3B1F00748A05 /* Resources */,
			);
			buildRules = (
			);
			dependencies = (
				8F155B8E2CBA3B1F00748A05 /* PBXTargetDependency */,
			);
			fileSystemSynchronizedGroups = (
				8F155B8F2CBA3B1F00748A05 /* MRT FaresTests */,
			);
			name = "MRT FaresTests";
			packageProductDependencies = (
			);
			productName = "MRT FaresTests";
			productReference = 8F155B8C2CBA3B1F00748A05 /* MRT FaresTests.xctest */;
			productType = "com.apple.product-type.bundle.unit-test";
		};
		8F155B952CBA3B1F00748A05 /* MRT FaresUITests */ = {
			isa = PBXNativeTarget;
			buildConfigurationList = 8F155BA62CBA3B1F00748A05 /* Build configuration list for PBXNativeTarget "MRT FaresUITests" */;
			buildPhases = (
				8F155B922CBA3B1F00748A05 /* Sources */,
				8F155B932CBA3B1F00748A05 /* Frameworks */,
				8F155B942CBA3B1F00748A05 /* Resources */,
			);
			buildRules = (
			);
			dependencies = (
				8F155B982CBA3B1F00748A05 /* PBXTargetDependency */,
			);
			fileSystemSynchronizedGroups = (
				8F155B992CBA3B1F00748A05 /* MRT FaresUITests */,
			);
			name = "MRT FaresUITests";
			packageProductDependencies = (
			);
			productName = "MRT FaresUITests";
			productReference = 8F155B962CBA3B1F00748A05 /* MRT FaresUITests.xctest */;
			productType = "com.apple.product-type.bundle.ui-testing";
		};
/* End PBXNativeTarget section */

/* Begin PBXProject section */
		8F155B742CBA3B1D00748A05 /* Project object */ = {
			isa = PBXProject;
			attributes = {
				BuildIndependentTargetsInParallel = 1;
				LastSwiftUpdateCheck = 1600;
				LastUpgradeCheck = 1600;
				TargetAttributes = {
					8F155B7B2CBA3B1E00748A05 = {
						CreatedOnToolsVersion = 16.0;
					};
					8F155B8B2CBA3B1F00748A05 = {
						CreatedOnToolsVersion = 16.0;
						TestTargetID = 8F155B7B2CBA3B1E00748A05;
					};
					8F155B952CBA3B1F00748A05 = {
						CreatedOnToolsVersion = 16.0;
						TestTargetID = 8F155B7B2CBA3B1E00748A05;
					};
				};
			};
			buildConfigurationList = 8F155B772CBA3B1D00748A05 /* Build configuration list for PBXProject "MRT Fares" */;
			developmentRegion = en;
			hasScannedForEncodings = 0;
			knownRegions = (
				en,
				Base,
			);
			mainGroup = 8F155B732CBA3B1D00748A05;
			minimizedProjectReferenceProxies = 1;
			preferredProjectObjectVersion = 77;
			productRefGroup = 8F155B7D2CBA3B1E00748A05 /* Products */;
			projectDirPath = "";
			projectRoot = "";
			targets = (
				8F155B7B2CBA3B1E00748A05 /* MRT Fares */,
				8F155B8B2CBA3B1F00748A05 /* MRT FaresTests */,
				8F155B952CBA3B1F00748A05 /* MRT FaresUITests */,
			);
		};
/* End PBXProject section */

/* Begin PBXResourcesBuildPhase section */
		8F155B7A2CBA3B1E00748A05 /* Resources */ = {
			isa = PBXResourcesBuildPhase;
			buildActionMask = 2147483647;
			files = (
				8F63B4712CBB8A3000363C2E /* mrt_prices.json in Resources */,
			);
			runOnlyForDeploymentPostprocessing = 0;
		};
		8F155B8A2CBA3B1F00748A05 /* Resources */ = {
			isa = PBXResourcesBuildPhase;
			buildActionMask = 2147483647;
			files = (
			);
			runOnlyForDeploymentPostprocessing = 0;
		};
		8F155B942CBA3B1F00748A05 /* Resources */ = {
			isa = PBXResourcesBuildPhase;
			buildActionMask = 2147483647;
			files = (
			);
			runOnlyForDeploymentPostprocessing = 0;
		};
/* End PBXResourcesBuildPhase section */

/* Begin PBXSourcesBuildPhase section */
		8F155B782CBA3B1E00748A05 /* Sources */ = {
			isa = PBXSourcesBuildPhase;
			buildActionMask = 2147483647;
			files = (
			);
			runOnlyForDeploymentPostprocessing = 0;
		};
		8F155B882CBA3B1F00748A05 /* Sources */ = {
			isa = PBXSourcesBuildPhase;
			buildActionMask = 2147483647;
			files = (
			);
			runOnlyForDeploymentPostprocessing = 0;
		};
		8F155B922CBA3B1F00748A05 /* Sources */ = {
			isa = PBXSourcesBuildPhase;
			buildActionMask = 2147483647;
			files = (
			);
			runOnlyForDeploymentPostprocessing = 0;
		};
/* End PBXSourcesBuildPhase section */

/* Begin PBXTargetDependency section */
		8F155B8E2CBA3B1F00748A05 /* PBXTargetDependency */ = {
			isa = PBXTargetDependency;
			target = 8F155B7B2CBA3B1E00748A05 /* MRT Fares */;
			targetProxy = 8F155B8D2CBA3B1F00748A05 /* PBXContainerItemProxy */;
		};
		8F155B982CBA3B1F00748A05 /* PBXTargetDependency */ = {
			isa = PBXTargetDependency;
			target = 8F155B7B2CBA3B1E00748A05 /* MRT Fares */;
			targetProxy = 8F155B972CBA3B1F00748A05 /* PBXContainerItemProxy */;
		};
/* End PBXTargetDependency section */

/* Begin XCBuildConfiguration section */
		8F155B9E2CBA3B1F00748A05 /* Debug */ = {
			isa = XCBuildConfiguration;
			buildSettings = {
				ALWAYS_SEARCH_USER_PATHS = NO;
				ASSETCATALOG_COMPILER_GENERATE_SWIFT_ASSET_SYMBOL_EXTENSIONS = YES;
				CLANG_ANALYZER_NONNULL = YES;
				CLANG_ANALYZER_NUMBER_OBJECT_CONVERSION = YES_AGGRESSIVE;
				CLANG_CXX_LANGUAGE_STANDARD = "gnu++20";
				CLANG_ENABLE_MODULES = YES;
				CLANG_ENABLE_OBJC_ARC = YES;
				CLANG_ENABLE_OBJC_WEAK = YES;
				CLANG_WARN_BLOCK_CAPTURE_AUTORELEASING = YES;
				CLANG_WARN_BOOL_CONVERSION = YES;
				CLANG_WARN_COMMA = YES;
				CLANG_WARN_CONSTANT_CONVERSION = YES;
				CLANG_WARN_DEPRECATED_OBJC_IMPLEMENTATIONS = YES;
				CLANG_WARN_DIRECT_OBJC_ISA_USAGE = YES_ERROR;
				CLANG_WARN_DOCUMENTATION_COMMENTS = YES;
				CLANG_WARN_EMPTY_BODY = YES;
				CLANG_WARN_ENUM_CONVERSION = YES;
				CLANG_WARN_INFINITE_RECURSION = YES;
				CLANG_WARN_INT_CONVERSION = YES;
				CLANG_WARN_NON_LITERAL_NULL_CONVERSION = YES;
				CLANG_WARN_OBJC_IMPLICIT_RETAIN_SELF = YES;
				CLANG_WARN_OBJC_LITERAL_CONVERSION = YES;
				CLANG_WARN_OBJC_ROOT_CLASS = YES_ERROR;
				CLANG_WARN_QUOTED_INCLUDE_IN_FRAMEWORK_HEADER = YES;
				CLANG_WARN_RANGE_LOOP_ANALYSIS = YES;
				CLANG_WARN_STRICT_PROTOTYPES = YES;
				CLANG_WARN_SUSPICIOUS_MOVE = YES;
				CLANG_WARN_UNGUARDED_AVAILABILITY = YES_AGGRESSIVE;
				CLANG_WARN_UNREACHABLE_CODE = YES;
				CLANG_WARN__DUPLICATE_METHOD_MATCH = YES;
				COPY_PHASE_STRIP = NO;
				DEBUG_INFORMATION_FORMAT = dwarf;
				ENABLE_STRICT_OBJC_MSGSEND = YES;
				ENABLE_TESTABILITY = YES;
				ENABLE_USER_SCRIPT_SANDBOXING = YES;
				GCC_C_LANGUAGE_STANDARD = gnu17;
				GCC_DYNAMIC_NO_PIC = NO;
				GCC_NO_COMMON_BLOCKS = YES;
				GCC_OPTIMIZATION_LEVEL = 0;
				GCC_PREPROCESSOR_DEFINITIONS = (
					"DEBUG=1",
					"$(inherited)",
				);
				GCC_WARN_64_TO_32_BIT_CONVERSION = YES;
				GCC_WARN_ABOUT_RETURN_TYPE = YES_ERROR;
				GCC_WARN_UNDECLARED_SELECTOR = YES;
				GCC_WARN_UNINITIALIZED_AUTOS = YES_AGGRESSIVE;
				GCC_WARN_UNUSED_FUNCTION = YES;
				GCC_WARN_UNUSED_VARIABLE = YES;
				IPHONEOS_DEPLOYMENT_TARGET = 18.0;
				LOCALIZATION_PREFERS_STRING_CATALOGS = YES;
				MTL_ENABLE_DEBUG_INFO = INCLUDE_SOURCE;
				MTL_FAST_MATH = YES;
				ONLY_ACTIVE_ARCH = YES;
				SDKROOT = iphoneos;
				SWIFT_ACTIVE_COMPILATION_CONDITIONS = "DEBUG $(inherited)";
				SWIFT_OPTIMIZATION_LEVEL = "-Onone";
			};
			name = Debug;
		};
		8F155B9F2CBA3B1F00748A05 /* Release */ = {
			isa = XCBuildConfiguration;
			buildSettings = {
				ALWAYS_SEARCH_USER_PATHS = NO;
				ASSETCATALOG_COMPILER_GENERATE_SWIFT_ASSET_SYMBOL_EXTENSIONS = YES;
				CLANG_ANALYZER_NONNULL = YES;
				CLANG_ANALYZER_NUMBER_OBJECT_CONVERSION = YES_AGGRESSIVE;
				CLANG_CXX_LANGUAGE_STANDARD = "gnu++20";
				CLANG_ENABLE_MODULES = YES;
				CLANG_ENABLE_OBJC_ARC = YES;
				CLANG_ENABLE_OBJC_WEAK = YES;
				CLANG_WARN_BLOCK_CAPTURE_AUTORELEASING = YES;
				CLANG_WARN_BOOL_CONVERSION = YES;
				CLANG_WARN_COMMA = YES;
				CLANG_WARN_CONSTANT_CONVERSION = YES;
				CLANG_WARN_DEPRECATED_OBJC_IMPLEMENTATIONS = YES;
				CLANG_WARN_DIRECT_OBJC_ISA_USAGE = YES_ERROR;
				CLANG_WARN_DOCUMENTATION_COMMENTS = YES;
				CLANG_WARN_EMPTY_BODY = YES;
				CLANG_WARN_ENUM_CONVERSION = YES;
				CLANG_WARN_INFINITE_RECURSION = YES;
				CLANG_WARN_INT_CONVERSION = YES;
				CLANG_WARN_NON_LITERAL_NULL_CONVERSION = YES;
				CLANG_WARN_OBJC_IMPLICIT_RETAIN_SELF = YES;
				CLANG_WARN_OBJC_LITERAL_CONVERSION = YES;
				CLANG_WARN_OBJC_ROOT_CLASS = YES_ERROR;
				CLANG_WARN_QUOTED_INCLUDE_IN_FRAMEWORK_HEADER = YES;
				CLANG_WARN_RANGE_LOOP_ANALYSIS = YES;
				CLANG_WARN_STRICT_PROTOTYPES = YES;
				CLANG_WARN_SUSPICIOUS_MOVE = YES;
				CLANG_WARN_UNGUARDED_AVAILABILITY = YES_AGGRESSIVE;
				CLANG_WARN_UNREACHABLE_CODE = YES;
				CLANG_WARN__DUPLICATE_METHOD_MATCH = YES;
				COPY_PHASE_STRIP = NO;
				DEBUG_INFORMATION_FORMAT = "dwarf-with-dsym";
				ENABLE_NS_ASSERTIONS = NO;
				ENABLE_STRICT_OBJC_MSGSEND = YES;
				ENABLE_USER_SCRIPT_SANDBOXING = YES;
				GCC_C_LANGUAGE_STANDARD = gnu17;
				GCC_NO_COMMON_BLOCKS = YES;
				GCC_WARN_64_TO_32_BIT_CONVERSION = YES;
				GCC_WARN_ABOUT_RETURN_TYPE = YES_ERROR;
				GCC_WARN_UNDECLARED_SELECTOR = YES;
				GCC_WARN_UNINITIALIZED_AUTOS = YES_AGGRESSIVE;
				GCC_WARN_UNUSED_FUNCTION = YES;
				GCC_WARN_UNUSED_VARIABLE = YES;
				IPHONEOS_DEPLOYMENT_TARGET = 18.0;
				LOCALIZATION_PREFERS_STRING_CATALOGS = YES;
				MTL_ENABLE_DEBUG_INFO = NO;
				MTL_FAST_MATH = YES;
				SDKROOT = iphoneos;
				SWIFT_COMPILATION_MODE = wholemodule;
				VALIDATE_PRODUCT = YES;
			};
			name = Release;
		};
		8F155BA12CBA3B1F00748A05 /* Debug */ = {
			isa = XCBuildConfiguration;
			buildSettings = {
				ASSETCATALOG_COMPILER_APPICON_NAME = AppIcon;
				ASSETCATALOG_COMPILER_GLOBAL_ACCENT_COLOR_NAME = AccentColor;
				CODE_SIGN_STYLE = Automatic;
				CURRENT_PROJECT_VERSION = 1;
				DEVELOPMENT_ASSET_PATHS = "\"MRT Fares/Preview Content\"";
				DEVELOPMENT_TEAM = WL649J9MLL;
				ENABLE_PREVIEWS = YES;
				GENERATE_INFOPLIST_FILE = YES;
				INFOPLIST_KEY_UIApplicationSceneManifest_Generation = YES;
				INFOPLIST_KEY_UIApplicationSupportsIndirectInputEvents = YES;
				INFOPLIST_KEY_UILaunchScreen_Generation = YES;
				INFOPLIST_KEY_UIStatusBarStyle = "";
				INFOPLIST_KEY_UISupportedInterfaceOrientations = UIInterfaceOrientationPortrait;
				INFOPLIST_KEY_UISupportedInterfaceOrientations_iPad = "UIInterfaceOrientationLandscapeLeft UIInterfaceOrientationLandscapeRight UIInterfaceOrientationPortrait UIInterfaceOrientationPortraitUpsideDown";
				IPHONEOS_DEPLOYMENT_TARGET = 17.6;
				LD_RUNPATH_SEARCH_PATHS = (
					"$(inherited)",
					"@executable_path/Frameworks",
				);
				MARKETING_VERSION = 1.0;
				PRODUCT_BUNDLE_IDENTIFIER = "learning-projects.MRT-Fares";
				PRODUCT_NAME = "$(TARGET_NAME)";
				SUPPORTED_PLATFORMS = "iphoneos iphonesimulator";
				SUPPORTS_MACCATALYST = NO;
				SUPPORTS_MAC_DESIGNED_FOR_IPHONE_IPAD = NO;
				SUPPORTS_XR_DESIGNED_FOR_IPHONE_IPAD = NO;
				SWIFT_EMIT_LOC_STRINGS = YES;
				SWIFT_VERSION = 5.0;
				TARGETED_DEVICE_FAMILY = 1;
			};
			name = Debug;
		};
		8F155BA22CBA3B1F00748A05 /* Release */ = {
			isa = XCBuildConfiguration;
			buildSettings = {
				ASSETCATALOG_COMPILER_APPICON_NAME = AppIcon;
				ASSETCATALOG_COMPILER_GLOBAL_ACCENT_COLOR_NAME = AccentColor;
				CODE_SIGN_STYLE = Automatic;
				CURRENT_PROJECT_VERSION = 1;
				DEVELOPMENT_ASSET_PATHS = "\"MRT Fares/Preview Content\"";
				DEVELOPMENT_TEAM = WL649J9MLL;
				ENABLE_PREVIEWS = YES;
				GENERATE_INFOPLIST_FILE = YES;
				INFOPLIST_KEY_UIApplicationSceneManifest_Generation = YES;
				INFOPLIST_KEY_UIApplicationSupportsIndirectInputEvents = YES;
				INFOPLIST_KEY_UILaunchScreen_Generation = YES;
				INFOPLIST_KEY_UIStatusBarStyle = "";
				INFOPLIST_KEY_UISupportedInterfaceOrientations = UIInterfaceOrientationPortrait;
				INFOPLIST_KEY_UISupportedInterfaceOrientations_iPad = "UIInterfaceOrientationLandscapeLeft UIInterfaceOrientationLandscapeRight UIInterfaceOrientationPortrait UIInterfaceOrientationPortraitUpsideDown";
				IPHONEOS_DEPLOYMENT_TARGET = 17.6;
				LD_RUNPATH_SEARCH_PATHS = (
					"$(inherited)",
					"@executable_path/Frameworks",
				);
				MARKETING_VERSION = 1.0;
				PRODUCT_BUNDLE_IDENTIFIER = "learning-projects.MRT-Fares";
				PRODUCT_NAME = "$(TARGET_NAME)";
				SUPPORTED_PLATFORMS = "iphoneos iphonesimulator";
				SUPPORTS_MACCATALYST = NO;
				SUPPORTS_MAC_DESIGNED_FOR_IPHONE_IPAD = NO;
				SUPPORTS_XR_DESIGNED_FOR_IPHONE_IPAD = NO;
				SWIFT_EMIT_LOC_STRINGS = YES;
				SWIFT_VERSION = 5.0;
				TARGETED_DEVICE_FAMILY = 1;
			};
			name = Release;
		};
		8F155BA42CBA3B1F00748A05 /* Debug */ = {
			isa = XCBuildConfiguration;
			buildSettings = {
				BUNDLE_LOADER = "$(TEST_HOST)";
				CODE_SIGN_STYLE = Automatic;
				CURRENT_PROJECT_VERSION = 1;
				DEVELOPMENT_TEAM = WL649J9MLL;
				GENERATE_INFOPLIST_FILE = YES;
				IPHONEOS_DEPLOYMENT_TARGET = 18.0;
				MARKETING_VERSION = 1.0;
				PRODUCT_BUNDLE_IDENTIFIER = "learning-projects.MRT-FaresTests";
				PRODUCT_NAME = "$(TARGET_NAME)";
				SWIFT_EMIT_LOC_STRINGS = NO;
				SWIFT_VERSION = 5.0;
				TARGETED_DEVICE_FAMILY = "1,2";
				TEST_HOST = "$(BUILT_PRODUCTS_DIR)/MRT Fares.app/$(BUNDLE_EXECUTABLE_FOLDER_PATH)/MRT Fares";
			};
			name = Debug;
		};
		8F155BA52CBA3B1F00748A05 /* Release */ = {
			isa = XCBuildConfiguration;
			buildSettings = {
				BUNDLE_LOADER = "$(TEST_HOST)";
				CODE_SIGN_STYLE = Automatic;
				CURRENT_PROJECT_VERSION = 1;
				DEVELOPMENT_TEAM = WL649J9MLL;
				GENERATE_INFOPLIST_FILE = YES;
				IPHONEOS_DEPLOYMENT_TARGET = 18.0;
				MARKETING_VERSION = 1.0;
				PRODUCT_BUNDLE_IDENTIFIER = "learning-projects.MRT-FaresTests";
				PRODUCT_NAME = "$(TARGET_NAME)";
				SWIFT_EMIT_LOC_STRINGS = NO;
				SWIFT_VERSION = 5.0;
				TARGETED_DEVICE_FAMILY = "1,2";
				TEST_HOST = "$(BUILT_PRODUCTS_DIR)/MRT Fares.app/$(BUNDLE_EXECUTABLE_FOLDER_PATH)/MRT Fares";
			};
			name = Release;
		};
		8F155BA72CBA3B1F00748A05 /* Debug */ = {
			isa = XCBuildConfiguration;
			buildSettings = {
				CODE_SIGN_STYLE = Automatic;
				CURRENT_PROJECT_VERSION = 1;
				DEVELOPMENT_TEAM = WL649J9MLL;
				GENERATE_INFOPLIST_FILE = YES;
				MARKETING_VERSION = 1.0;
				PRODUCT_BUNDLE_IDENTIFIER = "learning-projects.MRT-FaresUITests";
				PRODUCT_NAME = "$(TARGET_NAME)";
				SWIFT_EMIT_LOC_STRINGS = NO;
				SWIFT_VERSION = 5.0;
				TARGETED_DEVICE_FAMILY = "1,2";
				TEST_TARGET_NAME = "MRT Fares";
			};
			name = Debug;
		};
		8F155BA82CBA3B1F00748A05 /* Release */ = {
			isa = XCBuildConfiguration;
			buildSettings = {
				CODE_SIGN_STYLE = Automatic;
				CURRENT_PROJECT_VERSION = 1;
				DEVELOPMENT_TEAM = WL649J9MLL;
				GENERATE_INFOPLIST_FILE = YES;
				MARKETING_VERSION = 1.0;
				PRODUCT_BUNDLE_IDENTIFIER = "learning-projects.MRT-FaresUITests";
				PRODUCT_NAME = "$(TARGET_NAME)";
				SWIFT_EMIT_LOC_STRINGS = NO;
				SWIFT_VERSION = 5.0;
				TARGETED_DEVICE_FAMILY = "1,2";
				TEST_TARGET_NAME = "MRT Fares";
			};
			name = Release;
		};
/* End XCBuildConfiguration section */

/* Begin XCConfigurationList section */
		8F155B772CBA3B1D00748A05 /* Build configuration list for PBXProject "MRT Fares" */ = {
			isa = XCConfigurationList;
			buildConfigurations = (
				8F155B9E2CBA3B1F00748A05 /* Debug */,
				8F155B9F2CBA3B1F00748A05 /* Release */,
			);
			defaultConfigurationIsVisible = 0;
			defaultConfigurationName = Release;
		};
		8F155BA02CBA3B1F00748A05 /* Build configuration list for PBXNativeTarget "MRT Fares" */ = {
			isa = XCConfigurationList;
			buildConfigurations = (
				8F155BA12CBA3B1F00748A05 /* Debug */,
				8F155BA22CBA3B1F00748A05 /* Release */,
			);
			defaultConfigurationIsVisible = 0;
			defaultConfigurationName = Release;
		};
		8F155BA32CBA3B1F00748A05 /* Build configuration list for PBXNativeTarget "MRT FaresTests" */ = {
			isa = XCConfigurationList;
			buildConfigurations = (
				8F155BA42CBA3B1F00748A05 /* Debug */,
				8F155BA52CBA3B1F00748A05 /* Release */,
			);
			defaultConfigurationIsVisible = 0;
			defaultConfigurationName = Release;
		};
		8F155BA62CBA3B1F00748A05 /* Build configuration list for PBXNativeTarget "MRT FaresUITests" */ = {
			isa = XCConfigurationList;
			buildConfigurations = (
				8F155BA72CBA3B1F00748A05 /* Debug */,
				8F155BA82CBA3B1F00748A05 /* Release */,
			);
			defaultConfigurationIsVisible = 0;
			defaultConfigurationName = Release;
		};
/* End XCConfigurationList section */
	};
	rootObject = 8F155B742CBA3B1D00748A05 /* Project object */;
}
